{
  "name": "yarn-press",
  "version": "1.0.0",
  "lockfileVersion": 1,
  "requires": true,
  "dependencies": {
    "mathjax": {
      "version": "2.7.5",
      "resolved": "https://registry.npmjs.org/mathjax/-/mathjax-2.7.5.tgz",
      "integrity": "sha512-OzsJNitEHAJB3y4IIlPCAvS0yoXwYjlo2Y4kmm9KQzyIBZt2d8yKRalby3uTRNN4fZQiGL2iMXjpdP1u2Rq2DQ=="
    },
    "mathjax-mhchem": {
      "version": "3.3.0",
      "resolved": "https://registry.npmjs.org/mathjax-mhchem/-/mathjax-mhchem-3.3.0.tgz",
      "integrity": "sha512-sMPQKpvAFRYjuJPeoRIktB5zcsSEtJZUvm+GnColgHRvWbVKAbkM16UqH5HMNUyfKvGx1Fwy3Gc7IQItM0l2rA==",
      "requires": {
        "mathjax": "2.7.5"
      }
    },
    "vue-mathjax": {
      "version": "0.0.6",
      "resolved": "https://registry.npmjs.org/vue-mathjax/-/vue-mathjax-0.0.6.tgz",
      "integrity": "sha512-fk4KE8vC2/xcXXbPde445sdhoZiFtmLMdwlgAFw3PG42JVE9lonxC1jJUYafEnoBWejDiLcxORRxO2UtamIPoQ=="
    }
  }
}
